PODS:
  - BadasSwift (0.1.2):
    - BadasSwift/Resources (= 0.1.2)
  - BadasSwift/Resources (0.1.2)

DEPENDENCIES:
  - BadasSwift (from `../`)

EXTERNAL SOURCES:
  BadasSwift:
    :path: "../"

SPEC CHECKSUMS:
  BadasSwift: b917c84d61e0f10a8005bfd32b54016172b57d39

PODFILE CHECKSUM: 4dea812628ee4a664ebcd200b68a03efd218942a

COCOAPODS: 1.6.0.beta.1
