PODS:
  - BadasSwift (0.1.6.2):
    - BadasSwift/Resources (= 0.1.6.2)
  - BadasSwift/Resources (0.1.6.2)

DEPENDENCIES:
  - BadasSwift (from `../`)

EXTERNAL SOURCES:
  BadasSwift:
    :path: "../"

SPEC CHECKSUMS:
  BadasSwift: fe23ba08e69efd7ca2c1d8f0e06561f86e5c6a18

PODFILE CHECKSUM: 4dea812628ee4a664ebcd200b68a03efd218942a

COCOAPODS: 1.5.3
