PODS:
  - BadasSwift (0.1.4):
    - BadasSwift/Resources (= 0.1.4)
  - BadasSwift/Resources (0.1.4)

DEPENDENCIES:
  - BadasSwift (from `../`)

EXTERNAL SOURCES:
  BadasSwift:
    :path: "../"

SPEC CHECKSUMS:
  BadasSwift: 14572eaa2e41d7cb5c2d3bf2f8942a82bdca79c4

PODFILE CHECKSUM: 4dea812628ee4a664ebcd200b68a03efd218942a

COCOAPODS: 1.6.0.beta.2
